// !$*UTF8*$!
{
	archiveVersion = 1;
	classes = {
	};
	objectVersion = 56;
	objects = {

/* Begin PBXBuildFile section */
		1FCE0542DD3B373B10FE8A17 /* Pods_TodoBoost.framework in Frameworks */ = {isa = PBXBuildFile; fileRef = 213EC7FE1E7892187E76A3B9 /* Pods_TodoBoost.framework */; };
		5B71DF552A497C6300564D50 /* MonthVMTests.swift in Sources */ = {isa = PBXBuildFile; fileRef = 5B71DF542A497C6300564D50 /* MonthVMTests.swift */; };
		5B71DF5D2A52AE6200564D50 /* MonthTableViewCell.swift in Sources */ = {isa = PBXBuildFile; fileRef = 5B71DF5C2A52AE6200564D50 /* MonthTableViewCell.swift */; };
		5BF021CC2A21C0280070394C /* AppDelegate.swift in Sources */ = {isa = PBXBuildFile; fileRef = 5BF021CB2A21C0280070394C /* AppDelegate.swift */; };
		5BF021CE2A21C0280070394C /* SceneDelegate.swift in Sources */ = {isa = PBXBuildFile; fileRef = 5BF021CD2A21C0280070394C /* SceneDelegate.swift */; };
		5BF021D02A21C0280070394C /* MainViewController.swift in Sources */ = {isa = PBXBuildFile; fileRef = 5BF021CF2A21C0280070394C /* MainViewController.swift */; };
		5BF021D52A21C0280070394C /* Assets.xcassets in Resources */ = {isa = PBXBuildFile; fileRef = 5BF021D42A21C0280070394C /* Assets.xcassets */; };
		5BF021D82A21C0280070394C /* LaunchScreen.storyboard in Resources */ = {isa = PBXBuildFile; fileRef = 5BF021D62A21C0280070394C /* LaunchScreen.storyboard */; };
		5BF0221F2A36033D0070394C /* LoginViewController.swift in Sources */ = {isa = PBXBuildFile; fileRef = 5BF0221E2A36033D0070394C /* LoginViewController.swift */; };
		5BF022212A3603510070394C /* LoginViewModel.swift in Sources */ = {isa = PBXBuildFile; fileRef = 5BF022202A3603510070394C /* LoginViewModel.swift */; };
		5BF022232A363B180070394C /* Extensions.swift in Sources */ = {isa = PBXBuildFile; fileRef = 5BF022222A363B180070394C /* Extensions.swift */; };
		5BF022252A363CA70070394C /* Commons.swift in Sources */ = {isa = PBXBuildFile; fileRef = 5BF022242A363CA70070394C /* Commons.swift */; };
		5BF022272A387D7C0070394C /* LoadingState.swift in Sources */ = {isa = PBXBuildFile; fileRef = 5BF022262A387D7C0070394C /* LoadingState.swift */; };
		5BF0222A2A38806E0070394C /* AuthService.swift in Sources */ = {isa = PBXBuildFile; fileRef = 5BF022292A38806E0070394C /* AuthService.swift */; };
		5BF0222C2A3880C10070394C /* AuthResult.swift in Sources */ = {isa = PBXBuildFile; fileRef = 5BF0222B2A3880C10070394C /* AuthResult.swift */; };
		5BF0222E2A38C3E40070394C /* MonthViewController.swift in Sources */ = {isa = PBXBuildFile; fileRef = 5BF0222D2A38C3E40070394C /* MonthViewController.swift */; };
		5BF022302A38C4090070394C /* SearchViewController.swift in Sources */ = {isa = PBXBuildFile; fileRef = 5BF0222F2A38C4090070394C /* SearchViewController.swift */; };
		5BF022322A38C4190070394C /* ConfigViewController.swift in Sources */ = {isa = PBXBuildFile; fileRef = 5BF022312A38C4190070394C /* ConfigViewController.swift */; };
		5BF022362A3AEBEE0070394C /* MonthViewModel.swift in Sources */ = {isa = PBXBuildFile; fileRef = 5BF022352A3AEBEE0070394C /* MonthViewModel.swift */; };
		5BF022382A3AEC080070394C /* DayViewModel.swift in Sources */ = {isa = PBXBuildFile; fileRef = 5BF022372A3AEC080070394C /* DayViewModel.swift */; };
		5BF0223A2A3AEC180070394C /* ConfigViewModel.swift in Sources */ = {isa = PBXBuildFile; fileRef = 5BF022392A3AEC180070394C /* ConfigViewModel.swift */; };
		5BF0223C2A3AEE6D0070394C /* Schedules.swift in Sources */ = {isa = PBXBuildFile; fileRef = 5BF0223B2A3AEE6D0070394C /* Schedules.swift */; };
		5BF0223E2A3B02B90070394C /* NetworkService.swift in Sources */ = {isa = PBXBuildFile; fileRef = 5BF0223D2A3B02B90070394C /* NetworkService.swift */; };
		5BF022402A3CD68F0070394C /* APIResult.swift in Sources */ = {isa = PBXBuildFile; fileRef = 5BF0223F2A3CD68F0070394C /* APIResult.swift */; };
/* End PBXBuildFile section */

/* Begin PBXContainerItemProxy section */
		5B71DF562A497C6300564D50 /* PBXContainerItemProxy */ = {
			isa = PBXContainerItemProxy;
			containerPortal = 5BF021C02A21C0280070394C /* Project object */;
			proxyType = 1;
			remoteGlobalIDString = 5BF021C72A21C0280070394C;
			remoteInfo = TodoBoost;
		};
/* End PBXContainerItemProxy section */

/* Begin PBXFileReference section */
		213EC7FE1E7892187E76A3B9 /* Pods_TodoBoost.framework */ = {isa = PBXFileReference; explicitFileType = wrapper.framework; includeInIndex = 0; path = Pods_TodoBoost.framework; sourceTree = BUILT_PRODUCTS_DIR; };
		5B71DF522A497C6300564D50 /* MonthVMTests.xctest */ = {isa = PBXFileReference; explicitFileType = wrapper.cfbundle; includeInIndex = 0; path = MonthVMTests.xctest; sourceTree = BUILT_PRODUCTS_DIR; };
		5B71DF542A497C6300564D50 /* MonthVMTests.swift */ = {isa = PBXFileReference; lastKnownFileType = sourcecode.swift; path = MonthVMTests.swift; sourceTree = "<group>"; };
		5B71DF5C2A52AE6200564D50 /* MonthTableViewCell.swift */ = {isa = PBXFileReference; lastKnownFileType = sourcecode.swift; path = MonthTableViewCell.swift; sourceTree = "<group>"; };
		5BF021C82A21C0280070394C /* TodoBoost.app */ = {isa = PBXFileReference; explicitFileType = wrapper.application; includeInIndex = 0; path = TodoBoost.app; sourceTree = BUILT_PRODUCTS_DIR; };
		5BF021CB2A21C0280070394C /* AppDelegate.swift */ = {isa = PBXFileReference; lastKnownFileType = sourcecode.swift; path = AppDelegate.swift; sourceTree = "<group>"; };
		5BF021CD2A21C0280070394C /* SceneDelegate.swift */ = {isa = PBXFileReference; lastKnownFileType = sourcecode.swift; path = SceneDelegate.swift; sourceTree = "<group>"; };
		5BF021CF2A21C0280070394C /* MainViewController.swift */ = {isa = PBXFileReference; lastKnownFileType = sourcecode.swift; path = MainViewController.swift; sourceTree = "<group>"; };
		5BF021D42A21C0280070394C /* Assets.xcassets */ = {isa = PBXFileReference; lastKnownFileType = folder.assetcatalog; path = Assets.xcassets; sourceTree = "<group>"; };
		5BF021D72A21C0280070394C /* Base */ = {isa = PBXFileReference; lastKnownFileType = file.storyboard; name = Base; path = Base.lproj/LaunchScreen.storyboard; sourceTree = "<group>"; };
		5BF021D92A21C0280070394C /* Info.plist */ = {isa = PBXFileReference; lastKnownFileType = text.plist.xml; path = Info.plist; sourceTree = "<group>"; };
		5BF0221E2A36033D0070394C /* LoginViewController.swift */ = {isa = PBXFileReference; lastKnownFileType = sourcecode.swift; path = LoginViewController.swift; sourceTree = "<group>"; };
		5BF022202A3603510070394C /* LoginViewModel.swift */ = {isa = PBXFileReference; lastKnownFileType = sourcecode.swift; path = LoginViewModel.swift; sourceTree = "<group>"; };
		5BF022222A363B180070394C /* Extensions.swift */ = {isa = PBXFileReference; lastKnownFileType = sourcecode.swift; path = Extensions.swift; sourceTree = "<group>"; };
		5BF022242A363CA70070394C /* Commons.swift */ = {isa = PBXFileReference; lastKnownFileType = sourcecode.swift; path = Commons.swift; sourceTree = "<group>"; };
		5BF022262A387D7C0070394C /* LoadingState.swift */ = {isa = PBXFileReference; lastKnownFileType = sourcecode.swift; path = LoadingState.swift; sourceTree = "<group>"; };
		5BF022292A38806E0070394C /* AuthService.swift */ = {isa = PBXFileReference; lastKnownFileType = sourcecode.swift; path = AuthService.swift; sourceTree = "<group>"; };
		5BF0222B2A3880C10070394C /* AuthResult.swift */ = {isa = PBXFileReference; lastKnownFileType = sourcecode.swift; path = AuthResult.swift; sourceTree = "<group>"; };
		5BF0222D2A38C3E40070394C /* MonthViewController.swift */ = {isa = PBXFileReference; lastKnownFileType = sourcecode.swift; path = MonthViewController.swift; sourceTree = "<group>"; };
		5BF0222F2A38C4090070394C /* SearchViewController.swift */ = {isa = PBXFileReference; lastKnownFileType = sourcecode.swift; path = SearchViewController.swift; sourceTree = "<group>"; };
		5BF022312A38C4190070394C /* ConfigViewController.swift */ = {isa = PBXFileReference; lastKnownFileType = sourcecode.swift; path = ConfigViewController.swift; sourceTree = "<group>"; };
		5BF022352A3AEBEE0070394C /* MonthViewModel.swift */ = {isa = PBXFileReference; lastKnownFileType = sourcecode.swift; path = MonthViewModel.swift; sourceTree = "<group>"; };
		5BF022372A3AEC080070394C /* DayViewModel.swift */ = {isa = PBXFileReference; lastKnownFileType = sourcecode.swift; path = DayViewModel.swift; sourceTree = "<group>"; };
		5BF022392A3AEC180070394C /* ConfigViewModel.swift */ = {isa = PBXFileReference; lastKnownFileType = sourcecode.swift; path = ConfigViewModel.swift; sourceTree = "<group>"; };
		5BF0223B2A3AEE6D0070394C /* Schedules.swift */ = {isa = PBXFileReference; lastKnownFileType = sourcecode.swift; path = Schedules.swift; sourceTree = "<group>"; };
		5BF0223D2A3B02B90070394C /* NetworkService.swift */ = {isa = PBXFileReference; lastKnownFileType = sourcecode.swift; path = NetworkService.swift; sourceTree = "<group>"; };
		5BF0223F2A3CD68F0070394C /* APIResult.swift */ = {isa = PBXFileReference; lastKnownFileType = sourcecode.swift; path = APIResult.swift; sourceTree = "<group>"; };
		79E81527486872D2DF7C77F2 /* Pods-TodoBoost.debug.xcconfig */ = {isa = PBXFileReference; includeInIndex = 1; lastKnownFileType = text.xcconfig; name = "Pods-TodoBoost.debug.xcconfig"; path = "Target Support Files/Pods-TodoBoost/Pods-TodoBoost.debug.xcconfig"; sourceTree = "<group>"; };
		A1FD5A8766B8C0EA9555A5AD /* Pods-TodoBoost.release.xcconfig */ = {isa = PBXFileReference; includeInIndex = 1; lastKnownFileType = text.xcconfig; name = "Pods-TodoBoost.release.xcconfig"; path = "Target Support Files/Pods-TodoBoost/Pods-TodoBoost.release.xcconfig"; sourceTree = "<group>"; };
/* End PBXFileReference section */

/* Begin PBXFrameworksBuildPhase section */
		5B71DF4F2A497C6300564D50 /* Frameworks */ = {
			isa = PBXFrameworksBuildPhase;
			buildActionMask = 2147483647;
			files = (
			);
			runOnlyForDeploymentPostprocessing = 0;
		};
		5BF021C52A21C0280070394C /* Frameworks */ = {
			isa = PBXFrameworksBuildPhase;
			buildActionMask = 2147483647;
			files = (
				1FCE0542DD3B373B10FE8A17 /* Pods_TodoBoost.framework in Frameworks */,
			);
			runOnlyForDeploymentPostprocessing = 0;
		};
/* End PBXFrameworksBuildPhase section */

/* Begin PBXGroup section */
		5B71DF532A497C6300564D50 /* MonthVMTests */ = {
			isa = PBXGroup;
			children = (
				5B71DF542A497C6300564D50 /* MonthVMTests.swift */,
			);
			path = MonthVMTests;
			sourceTree = "<group>";
		};
		5B71DF5B2A52AE2800564D50 /* Month */ = {
			isa = PBXGroup;
			children = (
				5BF0222D2A38C3E40070394C /* MonthViewController.swift */,
				5B71DF5C2A52AE6200564D50 /* MonthTableViewCell.swift */,
			);
			path = Month;
			sourceTree = "<group>";
		};
		5BF021BF2A21C0280070394C = {
			isa = PBXGroup;
			children = (
				5BF021CA2A21C0280070394C /* TodoBoost */,
				5B71DF532A497C6300564D50 /* MonthVMTests */,
				5BF021C92A21C0280070394C /* Products */,
				6B207D5C2BC64D6452DFD639 /* Pods */,
				C59EA939BCA4ED287C45B0B1 /* Frameworks */,
			);
			sourceTree = "<group>";
		};
		5BF021C92A21C0280070394C /* Products */ = {
			isa = PBXGroup;
			children = (
				5BF021C82A21C0280070394C /* TodoBoost.app */,
				5B71DF522A497C6300564D50 /* MonthVMTests.xctest */,
			);
			name = Products;
			sourceTree = "<group>";
		};
		5BF021CA2A21C0280070394C /* TodoBoost */ = {
			isa = PBXGroup;
			children = (
				5BF022282A3880440070394C /* APIServices */,
				5BF021EB2A2B2E420070394C /* ViewModels */,
				5BF021E82A2B2DEA0070394C /* Views */,
				5BF021E52A2B2D4B0070394C /* Models */,
				5BF021DF2A21C8540070394C /* Utils */,
				5BF021CB2A21C0280070394C /* AppDelegate.swift */,
				5BF021CD2A21C0280070394C /* SceneDelegate.swift */,
				5BF021D42A21C0280070394C /* Assets.xcassets */,
				5BF021D62A21C0280070394C /* LaunchScreen.storyboard */,
				5BF021D92A21C0280070394C /* Info.plist */,
			);
			path = TodoBoost;
			sourceTree = "<group>";
		};
		5BF021DF2A21C8540070394C /* Utils */ = {
			isa = PBXGroup;
			children = (
				5BF022222A363B180070394C /* Extensions.swift */,
				5BF022242A363CA70070394C /* Commons.swift */,
			);
			path = Utils;
			sourceTree = "<group>";
		};
		5BF021E52A2B2D4B0070394C /* Models */ = {
			isa = PBXGroup;
			children = (
				5BF022262A387D7C0070394C /* LoadingState.swift */,
				5BF0222B2A3880C10070394C /* AuthResult.swift */,
				5BF0223B2A3AEE6D0070394C /* Schedules.swift */,
				5BF0223F2A3CD68F0070394C /* APIResult.swift */,
			);
			path = Models;
			sourceTree = "<group>";
		};
		5BF021E82A2B2DEA0070394C /* Views */ = {
			isa = PBXGroup;
			children = (
				5B71DF5B2A52AE2800564D50 /* Month */,
				5BF021CF2A21C0280070394C /* MainViewController.swift */,
				5BF0221E2A36033D0070394C /* LoginViewController.swift */,
				5BF0222F2A38C4090070394C /* SearchViewController.swift */,
				5BF022312A38C4190070394C /* ConfigViewController.swift */,
			);
			path = Views;
			sourceTree = "<group>";
		};
		5BF021EB2A2B2E420070394C /* ViewModels */ = {
			isa = PBXGroup;
			children = (
				5BF022202A3603510070394C /* LoginViewModel.swift */,
				5BF022352A3AEBEE0070394C /* MonthViewModel.swift */,
				5BF022372A3AEC080070394C /* DayViewModel.swift */,
				5BF022392A3AEC180070394C /* ConfigViewModel.swift */,
			);
			path = ViewModels;
			sourceTree = "<group>";
		};
		5BF022282A3880440070394C /* APIServices */ = {
			isa = PBXGroup;
			children = (
				5BF022292A38806E0070394C /* AuthService.swift */,
				5BF0223D2A3B02B90070394C /* NetworkService.swift */,
			);
			path = APIServices;
			sourceTree = "<group>";
		};
		6B207D5C2BC64D6452DFD639 /* Pods */ = {
			isa = PBXGroup;
			children = (
				79E81527486872D2DF7C77F2 /* Pods-TodoBoost.debug.xcconfig */,
				A1FD5A8766B8C0EA9555A5AD /* Pods-TodoBoost.release.xcconfig */,
			);
			path = Pods;
			sourceTree = "<group>";
		};
		C59EA939BCA4ED287C45B0B1 /* Frameworks */ = {
			isa = PBXGroup;
			children = (
				213EC7FE1E7892187E76A3B9 /* Pods_TodoBoost.framework */,
			);
			name = Frameworks;
			sourceTree = "<group>";
		};
/* End PBXGroup section */

/* Begin PBXNativeTarget section */
		5B71DF512A497C6300564D50 /* MonthVMTests */ = {
			isa = PBXNativeTarget;
			buildConfigurationList = 5B71DF582A497C6300564D50 /* Build configuration list for PBXNativeTarget "MonthVMTests" */;
			buildPhases = (
				5B71DF4E2A497C6300564D50 /* Sources */,
				5B71DF4F2A497C6300564D50 /* Frameworks */,
				5B71DF502A497C6300564D50 /* Resources */,
			);
			buildRules = (
			);
			dependencies = (
				5B71DF572A497C6300564D50 /* PBXTargetDependency */,
			);
			name = MonthVMTests;
			productName = MonthVMTests;
			productReference = 5B71DF522A497C6300564D50 /* MonthVMTests.xctest */;
			productType = "com.apple.product-type.bundle.unit-test";
		};
		5BF021C72A21C0280070394C /* TodoBoost */ = {
			isa = PBXNativeTarget;
			buildConfigurationList = 5BF021DC2A21C0280070394C /* Build configuration list for PBXNativeTarget "TodoBoost" */;
			buildPhases = (
				F68848BC505661B50E32EBF5 /* [CP] Check Pods Manifest.lock */,
				5BF021C42A21C0280070394C /* Sources */,
				5BF021C52A21C0280070394C /* Frameworks */,
				5BF021C62A21C0280070394C /* Resources */,
				CF36F43F5308E35C52E00AC6 /* [CP] Embed Pods Frameworks */,
			);
			buildRules = (
			);
			dependencies = (
			);
			name = TodoBoost;
			productName = TodoBoost;
			productReference = 5BF021C82A21C0280070394C /* TodoBoost.app */;
			productType = "com.apple.product-type.application";
		};
/* End PBXNativeTarget section */

/* Begin PBXProject section */
		5BF021C02A21C0280070394C /* Project object */ = {
			isa = PBXProject;
			attributes = {
				BuildIndependentTargetsInParallel = 1;
				LastSwiftUpdateCheck = 1420;
				LastUpgradeCheck = 1420;
				TargetAttributes = {
					5B71DF512A497C6300564D50 = {
						CreatedOnToolsVersion = 14.2;
						TestTargetID = 5BF021C72A21C0280070394C;
					};
					5BF021C72A21C0280070394C = {
						CreatedOnToolsVersion = 14.2;
					};
				};
			};
			buildConfigurationList = 5BF021C32A21C0280070394C /* Build configuration list for PBXProject "TodoBoost" */;
			compatibilityVersion = "Xcode 14.0";
			developmentRegion = en;
			hasScannedForEncodings = 0;
			knownRegions = (
				en,
				Base,
			);
			mainGroup = 5BF021BF2A21C0280070394C;
			productRefGroup = 5BF021C92A21C0280070394C /* Products */;
			projectDirPath = "";
			projectRoot = "";
			targets = (
				5BF021C72A21C0280070394C /* TodoBoost */,
				5B71DF512A497C6300564D50 /* MonthVMTests */,
			);
		};
/* End PBXProject section */

/* Begin PBXResourcesBuildPhase section */
		5B71DF502A497C6300564D50 /* Resources */ = {
			isa = PBXResourcesBuildPhase;
			buildActionMask = 2147483647;
			files = (
			);
			runOnlyForDeploymentPostprocessing = 0;
		};
		5BF021C62A21C0280070394C /* Resources */ = {
			isa = PBXResourcesBuildPhase;
			buildActionMask = 2147483647;
			files = (
				5BF021D82A21C0280070394C /* LaunchScreen.storyboard in Resources */,
				5BF021D52A21C0280070394C /* Assets.xcassets in Resources */,
			);
			runOnlyForDeploymentPostprocessing = 0;
		};
/* End PBXResourcesBuildPhase section */

/* Begin PBXShellScriptBuildPhase section */
		CF36F43F5308E35C52E00AC6 /* [CP] Embed Pods Frameworks */ = {
			isa = PBXShellScriptBuildPhase;
			buildActionMask = 2147483647;
			files = (
			);
			inputFileListPaths = (
				"${PODS_ROOT}/Target Support Files/Pods-TodoBoost/Pods-TodoBoost-frameworks-${CONFIGURATION}-input-files.xcfilelist",
			);
			name = "[CP] Embed Pods Frameworks";
			outputFileListPaths = (
				"${PODS_ROOT}/Target Support Files/Pods-TodoBoost/Pods-TodoBoost-frameworks-${CONFIGURATION}-output-files.xcfilelist",
			);
			runOnlyForDeploymentPostprocessing = 0;
			shellPath = /bin/sh;
			shellScript = "\"${PODS_ROOT}/Target Support Files/Pods-TodoBoost/Pods-TodoBoost-frameworks.sh\"\n";
			showEnvVarsInLog = 0;
		};
		F68848BC505661B50E32EBF5 /* [CP] Check Pods Manifest.lock */ = {
			isa = PBXShellScriptBuildPhase;
			buildActionMask = 2147483647;
			files = (
			);
			inputFileListPaths = (
			);
			inputPaths = (
				"${PODS_PODFILE_DIR_PATH}/Podfile.lock",
				"${PODS_ROOT}/Manifest.lock",
			);
			name = "[CP] Check Pods Manifest.lock";
			outputFileListPaths = (
			);
			outputPaths = (
				"$(DERIVED_FILE_DIR)/Pods-TodoBoost-checkManifestLockResult.txt",
			);
			runOnlyForDeploymentPostprocessing = 0;
			shellPath = /bin/sh;
			shellScript = "diff \"${PODS_PODFILE_DIR_PATH}/Podfile.lock\" \"${PODS_ROOT}/Manifest.lock\" > /dev/null\nif [ $? != 0 ] ; then\n    # print error to STDERR\n    echo \"error: The sandbox is not in sync with the Podfile.lock. Run 'pod install' or update your CocoaPods installation.\" >&2\n    exit 1\nfi\n# This output is used by Xcode 'outputs' to avoid re-running this script phase.\necho \"SUCCESS\" > \"${SCRIPT_OUTPUT_FILE_0}\"\n";
			showEnvVarsInLog = 0;
		};
/* End PBXShellScriptBuildPhase section */

/* Begin PBXSourcesBuildPhase section */
		5B71DF4E2A497C6300564D50 /* Sources */ = {
			isa = PBXSourcesBuildPhase;
			buildActionMask = 2147483647;
			files = (
				5B71DF552A497C6300564D50 /* MonthVMTests.swift in Sources */,
			);
			runOnlyForDeploymentPostprocessing = 0;
		};
		5BF021C42A21C0280070394C /* Sources */ = {
			isa = PBXSourcesBuildPhase;
			buildActionMask = 2147483647;
			files = (
				5BF021D02A21C0280070394C /* MainViewController.swift in Sources */,
				5BF022212A3603510070394C /* LoginViewModel.swift in Sources */,
				5BF022402A3CD68F0070394C /* APIResult.swift in Sources */,
				5BF0223C2A3AEE6D0070394C /* Schedules.swift in Sources */,
				5BF0223A2A3AEC180070394C /* ConfigViewModel.swift in Sources */,
				5BF0223E2A3B02B90070394C /* NetworkService.swift in Sources */,
				5BF022382A3AEC080070394C /* DayViewModel.swift in Sources */,
				5BF021CC2A21C0280070394C /* AppDelegate.swift in Sources */,
				5BF022322A38C4190070394C /* ConfigViewController.swift in Sources */,
				5BF022252A363CA70070394C /* Commons.swift in Sources */,
				5BF0222E2A38C3E40070394C /* MonthViewController.swift in Sources */,
				5BF0221F2A36033D0070394C /* LoginViewController.swift in Sources */,
				5BF022272A387D7C0070394C /* LoadingState.swift in Sources */,
				5BF022302A38C4090070394C /* SearchViewController.swift in Sources */,
				5BF0222C2A3880C10070394C /* AuthResult.swift in Sources */,
				5BF0222A2A38806E0070394C /* AuthService.swift in Sources */,
				5B71DF5D2A52AE6200564D50 /* MonthTableViewCell.swift in Sources */,
				5BF021CE2A21C0280070394C /* SceneDelegate.swift in Sources */,
				5BF022362A3AEBEE0070394C /* MonthViewModel.swift in Sources */,
				5BF022232A363B180070394C /* Extensions.swift in Sources */,
			);
			runOnlyForDeploymentPostprocessing = 0;
		};
/* End PBXSourcesBuildPhase section */

/* Begin PBXTargetDependency section */
		5B71DF572A497C6300564D50 /* PBXTargetDependency */ = {
			isa = PBXTargetDependency;
			target = 5BF021C72A21C0280070394C /* TodoBoost */;
			targetProxy = 5B71DF562A497C6300564D50 /* PBXContainerItemProxy */;
		};
/* End PBXTargetDependency section */

/* Begin PBXVariantGroup section */
		5BF021D62A21C0280070394C /* LaunchScreen.storyboard */ = {
			isa = PBXVariantGroup;
			children = (
				5BF021D72A21C0280070394C /* Base */,
			);
			name = LaunchScreen.storyboard;
			sourceTree = "<group>";
		};
/* End PBXVariantGroup section */

/* Begin XCBuildConfiguration section */
		5B71DF592A497C6300564D50 /* Debug */ = {
			isa = XCBuildConfiguration;
			buildSettings = {
				BUNDLE_LOADER = "$(TEST_HOST)";
				CODE_SIGN_STYLE = Automatic;
				CURRENT_PROJECT_VERSION = 1;
				DEVELOPMENT_TEAM = 2K66M6663R;
				GENERATE_INFOPLIST_FILE = YES;
				IPHONEOS_DEPLOYMENT_TARGET = 16.2;
				MACOSX_DEPLOYMENT_TARGET = 13.1;
				MARKETING_VERSION = 1.0;
				PRODUCT_BUNDLE_IDENTIFIER = suee97.MonthVMTests;
				PRODUCT_NAME = "$(TARGET_NAME)";
				SDKROOT = auto;
				SUPPORTED_PLATFORMS = "iphoneos iphonesimulator macosx";
				SWIFT_EMIT_LOC_STRINGS = NO;
				SWIFT_VERSION = 5.0;
				TARGETED_DEVICE_FAMILY = "1,2";
				TEST_HOST = "$(BUILT_PRODUCTS_DIR)/TodoBoost.app/$(BUNDLE_EXECUTABLE_FOLDER_PATH)/TodoBoost";
			};
			name = Debug;
		};
		5B71DF5A2A497C6300564D50 /* Release */ = {
			isa = XCBuildConfiguration;
			buildSettings = {
				BUNDLE_LOADER = "$(TEST_HOST)";
				CODE_SIGN_STYLE = Automatic;
				CURRENT_PROJECT_VERSION = 1;
				DEVELOPMENT_TEAM = 2K66M6663R;
				GENERATE_INFOPLIST_FILE = YES;
				IPHONEOS_DEPLOYMENT_TARGET = 16.2;
				MACOSX_DEPLOYMENT_TARGET = 13.1;
				MARKETING_VERSION = 1.0;
				PRODUCT_BUNDLE_IDENTIFIER = suee97.MonthVMTests;
				PRODUCT_NAME = "$(TARGET_NAME)";
				SDKROOT = auto;
				SUPPORTED_PLATFORMS = "iphoneos iphonesimulator macosx";
				SWIFT_EMIT_LOC_STRINGS = NO;
				SWIFT_VERSION = 5.0;
				TARGETED_DEVICE_FAMILY = "1,2";
				TEST_HOST = "$(BUILT_PRODUCTS_DIR)/TodoBoost.app/$(BUNDLE_EXECUTABLE_FOLDER_PATH)/TodoBoost";
			};
			name = Release;
		};
		5BF021DA2A21C0280070394C /* Debug */ = {
			isa = XCBuildConfiguration;
			buildSettings = {
				ALWAYS_SEARCH_USER_PATHS = NO;
				CLANG_ANALYZER_NONNULL = YES;
				CLANG_ANALYZER_NUMBER_OBJECT_CONVERSION = YES_AGGRESSIVE;
				CLANG_CXX_LANGUAGE_STANDARD = "gnu++20";
				CLANG_ENABLE_MODULES = YES;
				CLANG_ENABLE_OBJC_ARC = YES;
				CLANG_ENABLE_OBJC_WEAK = YES;
				CLANG_WARN_BLOCK_CAPTURE_AUTORELEASING = YES;
				CLANG_WARN_BOOL_CONVERSION = YES;
				CLANG_WARN_COMMA = YES;
				CLANG_WARN_CONSTANT_CONVERSION = YES;
				CLANG_WARN_DEPRECATED_OBJC_IMPLEMENTATIONS = YES;
				CLANG_WARN_DIRECT_OBJC_ISA_USAGE = YES_ERROR;
				CLANG_WARN_DOCUMENTATION_COMMENTS = YES;
				CLANG_WARN_EMPTY_BODY = YES;
				CLANG_WARN_ENUM_CONVERSION = YES;
				CLANG_WARN_INFINITE_RECURSION = YES;
				CLANG_WARN_INT_CONVERSION = YES;
				CLANG_WARN_NON_LITERAL_NULL_CONVERSION = YES;
				CLANG_WARN_OBJC_IMPLICIT_RETAIN_SELF = YES;
				CLANG_WARN_OBJC_LITERAL_CONVERSION = YES;
				CLANG_WARN_OBJC_ROOT_CLASS = YES_ERROR;
				CLANG_WARN_QUOTED_INCLUDE_IN_FRAMEWORK_HEADER = YES;
				CLANG_WARN_RANGE_LOOP_ANALYSIS = YES;
				CLANG_WARN_STRICT_PROTOTYPES = YES;
				CLANG_WARN_SUSPICIOUS_MOVE = YES;
				CLANG_WARN_UNGUARDED_AVAILABILITY = YES_AGGRESSIVE;
				CLANG_WARN_UNREACHABLE_CODE = YES;
				CLANG_WARN__DUPLICATE_METHOD_MATCH = YES;
				COPY_PHASE_STRIP = NO;
				DEBUG_INFORMATION_FORMAT = dwarf;
				ENABLE_STRICT_OBJC_MSGSEND = YES;
				ENABLE_TESTABILITY = YES;
				GCC_C_LANGUAGE_STANDARD = gnu11;
				GCC_DYNAMIC_NO_PIC = NO;
				GCC_NO_COMMON_BLOCKS = YES;
				GCC_OPTIMIZATION_LEVEL = 0;
				GCC_PREPROCESSOR_DEFINITIONS = (
					"DEBUG=1",
					"$(inherited)",
				);
				GCC_WARN_64_TO_32_BIT_CONVERSION = YES;
				GCC_WARN_ABOUT_RETURN_TYPE = YES_ERROR;
				GCC_WARN_UNDECLARED_SELECTOR = YES;
				GCC_WARN_UNINITIALIZED_AUTOS = YES_AGGRESSIVE;
				GCC_WARN_UNUSED_FUNCTION = YES;
				GCC_WARN_UNUSED_VARIABLE = YES;
				IPHONEOS_DEPLOYMENT_TARGET = 16.2;
				MTL_ENABLE_DEBUG_INFO = INCLUDE_SOURCE;
				MTL_FAST_MATH = YES;
				ONLY_ACTIVE_ARCH = YES;
				SDKROOT = iphoneos;
				SWIFT_ACTIVE_COMPILATION_CONDITIONS = DEBUG;
				SWIFT_OPTIMIZATION_LEVEL = "-Onone";
			};
			name = Debug;
		};
		5BF021DB2A21C0280070394C /* Release */ = {
			isa = XCBuildConfiguration;
			buildSettings = {
				ALWAYS_SEARCH_USER_PATHS = NO;
				CLANG_ANALYZER_NONNULL = YES;
				CLANG_ANALYZER_NUMBER_OBJECT_CONVERSION = YES_AGGRESSIVE;
				CLANG_CXX_LANGUAGE_STANDARD = "gnu++20";
				CLANG_ENABLE_MODULES = YES;
				CLANG_ENABLE_OBJC_ARC = YES;
				CLANG_ENABLE_OBJC_WEAK = YES;
				CLANG_WARN_BLOCK_CAPTURE_AUTORELEASING = YES;
				CLANG_WARN_BOOL_CONVERSION = YES;
				CLANG_WARN_COMMA = YES;
				CLANG_WARN_CONSTANT_CONVERSION = YES;
				CLANG_WARN_DEPRECATED_OBJC_IMPLEMENTATIONS = YES;
				CLANG_WARN_DIRECT_OBJC_ISA_USAGE = YES_ERROR;
				CLANG_WARN_DOCUMENTATION_COMMENTS = YES;
				CLANG_WARN_EMPTY_BODY = YES;
				CLANG_WARN_ENUM_CONVERSION = YES;
				CLANG_WARN_INFINITE_RECURSION = YES;
				CLANG_WARN_INT_CONVERSION = YES;
				CLANG_WARN_NON_LITERAL_NULL_CONVERSION = YES;
				CLANG_WARN_OBJC_IMPLICIT_RETAIN_SELF = YES;
				CLANG_WARN_OBJC_LITERAL_CONVERSION = YES;
				CLANG_WARN_OBJC_ROOT_CLASS = YES_ERROR;
				CLANG_WARN_QUOTED_INCLUDE_IN_FRAMEWORK_HEADER = YES;
				CLANG_WARN_RANGE_LOOP_ANALYSIS = YES;
				CLANG_WARN_STRICT_PROTOTYPES = YES;
				CLANG_WARN_SUSPICIOUS_MOVE = YES;
				CLANG_WARN_UNGUARDED_AVAILABILITY = YES_AGGRESSIVE;
				CLANG_WARN_UNREACHABLE_CODE = YES;
				CLANG_WARN__DUPLICATE_METHOD_MATCH = YES;
				COPY_PHASE_STRIP = NO;
				DEBUG_INFORMATION_FORMAT = "dwarf-with-dsym";
				ENABLE_NS_ASSERTIONS = NO;
				ENABLE_STRICT_OBJC_MSGSEND = YES;
				GCC_C_LANGUAGE_STANDARD = gnu11;
				GCC_NO_COMMON_BLOCKS = YES;
				GCC_WARN_64_TO_32_BIT_CONVERSION = YES;
				GCC_WARN_ABOUT_RETURN_TYPE = YES_ERROR;
				GCC_WARN_UNDECLARED_SELECTOR = YES;
				GCC_WARN_UNINITIALIZED_AUTOS = YES_AGGRESSIVE;
				GCC_WARN_UNUSED_FUNCTION = YES;
				GCC_WARN_UNUSED_VARIABLE = YES;
				IPHONEOS_DEPLOYMENT_TARGET = 16.2;
				MTL_ENABLE_DEBUG_INFO = NO;
				MTL_FAST_MATH = YES;
				SDKROOT = iphoneos;
				SWIFT_COMPILATION_MODE = wholemodule;
				SWIFT_OPTIMIZATION_LEVEL = "-O";
				VALIDATE_PRODUCT = YES;
			};
			name = Release;
		};
		5BF021DD2A21C0280070394C /* Debug */ = {
			isa = XCBuildConfiguration;
			baseConfigurationReference = 79E81527486872D2DF7C77F2 /* Pods-TodoBoost.debug.xcconfig */;
			buildSettings = {
				ASSETCATALOG_COMPILER_APPICON_NAME = AppIcon;
				ASSETCATALOG_COMPILER_GLOBAL_ACCENT_COLOR_NAME = AccentColor;
				CODE_SIGN_STYLE = Automatic;
				CURRENT_PROJECT_VERSION = 1;
				DEVELOPMENT_TEAM = 2K66M6663R;
				GENERATE_INFOPLIST_FILE = YES;
				INFOPLIST_FILE = TodoBoost/Info.plist;
				INFOPLIST_KEY_UIApplicationSupportsIndirectInputEvents = YES;
				INFOPLIST_KEY_UILaunchStoryboardName = LaunchScreen;
				INFOPLIST_KEY_UISupportedInterfaceOrientations_iPad = "UIInterfaceOrientationPortrait UIInterfaceOrientationPortraitUpsideDown UIInterfaceOrientationLandscapeLeft UIInterfaceOrientationLandscapeRight";
				INFOPLIST_KEY_UISupportedInterfaceOrientations_iPhone = "UIInterfaceOrientationPortrait UIInterfaceOrientationLandscapeLeft UIInterfaceOrientationLandscapeRight";
				IPHONEOS_DEPLOYMENT_TARGET = 16.2;
				LD_RUNPATH_SEARCH_PATHS = (
					"$(inherited)",
					"@executable_path/Frameworks",
				);
				MARKETING_VERSION = 1.0;
				PRODUCT_BUNDLE_IDENTIFIER = suee97.TodoBoost;
				PRODUCT_NAME = "$(TARGET_NAME)";
				SWIFT_EMIT_LOC_STRINGS = YES;
				SWIFT_VERSION = 5.0;
				TARGETED_DEVICE_FAMILY = "1,2";
			};
			name = Debug;
		};
		5BF021DE2A21C0280070394C /* Release */ = {
			isa = XCBuildConfiguration;
			baseConfigurationReference = A1FD5A8766B8C0EA9555A5AD /* Pods-TodoBoost.release.xcconfig */;
			buildSettings = {
				ASSETCATALOG_COMPILER_APPICON_NAME = AppIcon;
				ASSETCATALOG_COMPILER_GLOBAL_ACCENT_COLOR_NAME = AccentColor;
				CODE_SIGN_STYLE = Automatic;
				CURRENT_PROJECT_VERSION = 1;
				DEVELOPMENT_TEAM = 2K66M6663R;
				GENERATE_INFOPLIST_FILE = YES;
				INFOPLIST_FILE = TodoBoost/Info.plist;
				INFOPLIST_KEY_UIApplicationSupportsIndirectInputEvents = YES;
				INFOPLIST_KEY_UILaunchStoryboardName = LaunchScreen;
				INFOPLIST_KEY_UISupportedInterfaceOrientations_iPad = "UIInterfaceOrientationPortrait UIInterfaceOrientationPortraitUpsideDown UIInterfaceOrientationLandscapeLeft UIInterfaceOrientationLandscapeRight";
				INFOPLIST_KEY_UISupportedInterfaceOrientations_iPhone = "UIInterfaceOrientationPortrait UIInterfaceOrientationLandscapeLeft UIInterfaceOrientationLandscapeRight";
				IPHONEOS_DEPLOYMENT_TARGET = 16.2;
				LD_RUNPATH_SEARCH_PATHS = (
					"$(inherited)",
					"@executable_path/Frameworks",
				);
				MARKETING_VERSION = 1.0;
				PRODUCT_BUNDLE_IDENTIFIER = suee97.TodoBoost;
				PRODUCT_NAME = "$(TARGET_NAME)";
				SWIFT_EMIT_LOC_STRINGS = YES;
				SWIFT_VERSION = 5.0;
				TARGETED_DEVICE_FAMILY = "1,2";
			};
			name = Release;
		};
/* End XCBuildConfiguration section */

/* Begin XCConfigurationList section */
		5B71DF582A497C6300564D50 /* Build configuration list for PBXNativeTarget "MonthVMTests" */ = {
			isa = XCConfigurationList;
			buildConfigurations = (
				5B71DF592A497C6300564D50 /* Debug */,
				5B71DF5A2A497C6300564D50 /* Release */,
			);
			defaultConfigurationIsVisible = 0;
			defaultConfigurationName = Release;
		};
		5BF021C32A21C0280070394C /* Build configuration list for PBXProject "TodoBoost" */ = {
			isa = XCConfigurationList;
			buildConfigurations = (
				5BF021DA2A21C0280070394C /* Debug */,
				5BF021DB2A21C0280070394C /* Release */,
			);
			defaultConfigurationIsVisible = 0;
			defaultConfigurationName = Release;
		};
		5BF021DC2A21C0280070394C /* Build configuration list for PBXNativeTarget "TodoBoost" */ = {
			isa = XCConfigurationList;
			buildConfigurations = (
				5BF021DD2A21C0280070394C /* Debug */,
				5BF021DE2A21C0280070394C /* Release */,
			);
			defaultConfigurationIsVisible = 0;
			defaultConfigurationName = Release;
		};
/* End XCConfigurationList section */
	};
	rootObject = 5BF021C02A21C0280070394C /* Project object */;
}
